
Microsoft Visual Studio Solution File, Format Version 12.00
# Visual Studio Version 17
VisualStudioVersion = 17.0.31903.59
MinimumVisualStudioVersion = 10.0.40219.1
Project("{FAE04EC0-301F-11D3-BF4B-00C04F79EFBC}") = "FullCycle.DomainDrivenDesign.Domain", "FullCycle.DomainDrivenDesign.Domain\FullCycle.DomainDrivenDesign.Domain.csproj", "{AD809608-3338-40FC-828B-4254FAF8363F}"
EndProject
Project("{FAE04EC0-301F-11D3-BF4B-00C04F79EFBC}") = "FullCycle.DomainDrivenDesign.WebApi", "FullCycle.DomainDrivenDesign.WebApi\FullCycle.DomainDrivenDesign.WebApi.csproj", "{012E4137-D948-44A5-8247-17AB0D5C4F9E}"
EndProject
Project("{FAE04EC0-301F-11D3-BF4B-00C04F79EFBC}") = "FullCycle.DomainDrivenDesign.Test", "FullCycle.DomainDrivenDesign.Test\FullCycle.DomainDrivenDesign.Test.csproj", "{0F6F130C-0545-4BE0-9B29-40DDC2C82075}"
EndProject
Project("{FAE04EC0-301F-11D3-BF4B-00C04F79EFBC}") = "FullCycle.DomainDrivenDesign.Infra", "FullCycle.DomainDrivenDesign.Infra\FullCycle.DomainDrivenDesign.Infra.csproj", "{525C88B1-8B8B-4578-8AC1-A7513ABDF324}"
EndProject
Global
	GlobalSection(SolutionConfigurationPlatforms) = preSolution
		Debug|Any CPU = Debug|Any CPU
		Release|Any CPU = Release|Any CPU
	EndGlobalSection
	GlobalSection(SolutionProperties) = preSolution
		HideSolutionNode = FALSE
	EndGlobalSection
	GlobalSection(ProjectConfigurationPlatforms) = postSolution
		{AD809608-3338-40FC-828B-4254FAF8363F}.Debug|Any CPU.ActiveCfg = Debug|Any CPU
		{AD809608-3338-40FC-828B-4254FAF8363F}.Debug|Any CPU.Build.0 = Debug|Any CPU
		{AD809608-3338-40FC-828B-4254FAF8363F}.Release|Any CPU.ActiveCfg = Release|Any CPU
		{AD809608-3338-40FC-828B-4254FAF8363F}.Release|Any CPU.Build.0 = Release|Any CPU
		{012E4137-D948-44A5-8247-17AB0D5C4F9E}.Debug|Any CPU.ActiveCfg = Debug|Any CPU
		{012E4137-D948-44A5-8247-17AB0D5C4F9E}.Debug|Any CPU.Build.0 = Debug|Any CPU
		{012E4137-D948-44A5-8247-17AB0D5C4F9E}.Release|Any CPU.ActiveCfg = Release|Any CPU
		{012E4137-D948-44A5-8247-17AB0D5C4F9E}.Release|Any CPU.Build.0 = Release|Any CPU
		{0F6F130C-0545-4BE0-9B29-40DDC2C82075}.Debug|Any CPU.ActiveCfg = Debug|Any CPU
		{0F6F130C-0545-4BE0-9B29-40DDC2C82075}.Debug|Any CPU.Build.0 = Debug|Any CPU
		{0F6F130C-0545-4BE0-9B29-40DDC2C82075}.Release|Any CPU.ActiveCfg = Release|Any CPU
		{0F6F130C-0545-4BE0-9B29-40DDC2C82075}.Release|Any CPU.Build.0 = Release|Any CPU
		{525C88B1-8B8B-4578-8AC1-A7513ABDF324}.Debug|Any CPU.ActiveCfg = Debug|Any CPU
		{525C88B1-8B8B-4578-8AC1-A7513ABDF324}.Debug|Any CPU.Build.0 = Debug|Any CPU
		{525C88B1-8B8B-4578-8AC1-A7513ABDF324}.Release|Any CPU.ActiveCfg = Release|Any CPU
		{525C88B1-8B8B-4578-8AC1-A7513ABDF324}.Release|Any CPU.Build.0 = Release|Any CPU
	EndGlobalSection
EndGlobal
